// !$*UTF8*$!
{
	archiveVersion = 1;
	classes = {
	};
	objectVersion = 56;
	objects = {

/* Begin PBXBuildFile section */
		0FB8CE5A2A9F414300CAF6B3 /* ZaraRickYMortyApp.swift in Sources */ = {isa = PBXBuildFile; fileRef = 0FB8CE592A9F414300CAF6B3 /* ZaraRickYMortyApp.swift */; };
		0FB8CE5E2A9F414500CAF6B3 /* Assets.xcassets in Resources */ = {isa = PBXBuildFile; fileRef = 0FB8CE5D2A9F414500CAF6B3 /* Assets.xcassets */; };
		0FB8CE622A9F414500CAF6B3 /* Preview Assets.xcassets in Resources */ = {isa = PBXBuildFile; fileRef = 0FB8CE612A9F414500CAF6B3 /* Preview Assets.xcassets */; };
		0FB8CE692A9F417B00CAF6B3 /* AppDelegate.swift in Sources */ = {isa = PBXBuildFile; fileRef = 0FB8CE682A9F417B00CAF6B3 /* AppDelegate.swift */; };
		0FB8CE6C2A9F41B100CAF6B3 /* Character.swift in Sources */ = {isa = PBXBuildFile; fileRef = 0FB8CE6B2A9F41B100CAF6B3 /* Character.swift */; };
		0FB8CE6E2A9F41C400CAF6B3 /* CharacterFilter.swift in Sources */ = {isa = PBXBuildFile; fileRef = 0FB8CE6D2A9F41C400CAF6B3 /* CharacterFilter.swift */; };
		0FB8CE712A9F41E300CAF6B3 /* CharacterListView.swift in Sources */ = {isa = PBXBuildFile; fileRef = 0FB8CE702A9F41E300CAF6B3 /* CharacterListView.swift */; };
		0FB8CE732A9F420700CAF6B3 /* CharacterDetailView.swift in Sources */ = {isa = PBXBuildFile; fileRef = 0FB8CE722A9F420700CAF6B3 /* CharacterDetailView.swift */; };
		0FB8CE762A9F422B00CAF6B3 /* CharacterImageView.swift in Sources */ = {isa = PBXBuildFile; fileRef = 0FB8CE752A9F422B00CAF6B3 /* CharacterImageView.swift */; };
		0FB8CE782A9F423F00CAF6B3 /* RemoteImageView.swift in Sources */ = {isa = PBXBuildFile; fileRef = 0FB8CE772A9F423F00CAF6B3 /* RemoteImageView.swift */; };
		0FB8CE7A2A9F425400CAF6B3 /* InfoRow.swift in Sources */ = {isa = PBXBuildFile; fileRef = 0FB8CE792A9F425400CAF6B3 /* InfoRow.swift */; };
		0FB8CE7C2A9F426D00CAF6B3 /* ProgressView.swift in Sources */ = {isa = PBXBuildFile; fileRef = 0FB8CE7B2A9F426D00CAF6B3 /* ProgressView.swift */; };
		0FB8CE7F2A9F428A00CAF6B3 /* SearchBarView.swift in Sources */ = {isa = PBXBuildFile; fileRef = 0FB8CE7E2A9F428A00CAF6B3 /* SearchBarView.swift */; };
		0FB8CE812A9F42A900CAF6B3 /* FiltersView.swift in Sources */ = {isa = PBXBuildFile; fileRef = 0FB8CE802A9F42A900CAF6B3 /* FiltersView.swift */; };
		0FB8CE832A9F42C300CAF6B3 /* CharacterListViewContent.swift in Sources */ = {isa = PBXBuildFile; fileRef = 0FB8CE822A9F42C300CAF6B3 /* CharacterListViewContent.swift */; };
		0FB8CE852A9F42DF00CAF6B3 /* CharacterRowView.swift in Sources */ = {isa = PBXBuildFile; fileRef = 0FB8CE842A9F42DF00CAF6B3 /* CharacterRowView.swift */; };
		0FB8CE882A9F430200CAF6B3 /* CharacterListViewModel.swift in Sources */ = {isa = PBXBuildFile; fileRef = 0FB8CE872A9F430200CAF6B3 /* CharacterListViewModel.swift */; };
		0FB8CE8A2A9F432400CAF6B3 /* CharacterImageViewModel.swift in Sources */ = {isa = PBXBuildFile; fileRef = 0FB8CE892A9F432400CAF6B3 /* CharacterImageViewModel.swift */; };
		0FB8CE8D2A9F435300CAF6B3 /* CharacterService.swift in Sources */ = {isa = PBXBuildFile; fileRef = 0FB8CE8C2A9F435300CAF6B3 /* CharacterService.swift */; };
		0FB8CE902A9F437500CAF6B3 /* DateFormatterUtil.swift in Sources */ = {isa = PBXBuildFile; fileRef = 0FB8CE8F2A9F437500CAF6B3 /* DateFormatterUtil.swift */; };
		0FB8CE922A9F438F00CAF6B3 /* ImageCache.swift in Sources */ = {isa = PBXBuildFile; fileRef = 0FB8CE912A9F438F00CAF6B3 /* ImageCache.swift */; };
/* End PBXBuildFile section */

/* Begin PBXFileReference section */
		0FB8CE562A9F414300CAF6B3 /* ZaraRickYMorty.app */ = {isa = PBXFileReference; explicitFileType = wrapper.application; includeInIndex = 0; path = ZaraRickYMorty.app; sourceTree = BUILT_PRODUCTS_DIR; };
		0FB8CE592A9F414300CAF6B3 /* ZaraRickYMortyApp.swift */ = {isa = PBXFileReference; lastKnownFileType = sourcecode.swift; path = ZaraRickYMortyApp.swift; sourceTree = "<group>"; };
		0FB8CE5D2A9F414500CAF6B3 /* Assets.xcassets */ = {isa = PBXFileReference; lastKnownFileType = folder.assetcatalog; path = Assets.xcassets; sourceTree = "<group>"; };
		0FB8CE5F2A9F414500CAF6B3 /* ZaraRickYMorty.entitlements */ = {isa = PBXFileReference; lastKnownFileType = text.plist.entitlements; path = ZaraRickYMorty.entitlements; sourceTree = "<group>"; };
		0FB8CE612A9F414500CAF6B3 /* Preview Assets.xcassets */ = {isa = PBXFileReference; lastKnownFileType = folder.assetcatalog; path = "Preview Assets.xcassets"; sourceTree = "<group>"; };
		0FB8CE682A9F417B00CAF6B3 /* AppDelegate.swift */ = {isa = PBXFileReference; lastKnownFileType = sourcecode.swift; path = AppDelegate.swift; sourceTree = "<group>"; };
		0FB8CE6B2A9F41B100CAF6B3 /* Character.swift */ = {isa = PBXFileReference; lastKnownFileType = sourcecode.swift; path = Character.swift; sourceTree = "<group>"; };
		0FB8CE6D2A9F41C400CAF6B3 /* CharacterFilter.swift */ = {isa = PBXFileReference; lastKnownFileType = sourcecode.swift; path = CharacterFilter.swift; sourceTree = "<group>"; };
		0FB8CE702A9F41E300CAF6B3 /* CharacterListView.swift */ = {isa = PBXFileReference; lastKnownFileType = sourcecode.swift; path = CharacterListView.swift; sourceTree = "<group>"; };
		0FB8CE722A9F420700CAF6B3 /* CharacterDetailView.swift */ = {isa = PBXFileReference; lastKnownFileType = sourcecode.swift; path = CharacterDetailView.swift; sourceTree = "<group>"; };
		0FB8CE752A9F422B00CAF6B3 /* CharacterImageView.swift */ = {isa = PBXFileReference; lastKnownFileType = sourcecode.swift; path = CharacterImageView.swift; sourceTree = "<group>"; };
		0FB8CE772A9F423F00CAF6B3 /* RemoteImageView.swift */ = {isa = PBXFileReference; lastKnownFileType = sourcecode.swift; path = RemoteImageView.swift; sourceTree = "<group>"; };
		0FB8CE792A9F425400CAF6B3 /* InfoRow.swift */ = {isa = PBXFileReference; lastKnownFileType = sourcecode.swift; path = InfoRow.swift; sourceTree = "<group>"; };
		0FB8CE7B2A9F426D00CAF6B3 /* ProgressView.swift */ = {isa = PBXFileReference; lastKnownFileType = sourcecode.swift; path = ProgressView.swift; sourceTree = "<group>"; };
		0FB8CE7E2A9F428A00CAF6B3 /* SearchBarView.swift */ = {isa = PBXFileReference; lastKnownFileType = sourcecode.swift; path = SearchBarView.swift; sourceTree = "<group>"; };
		0FB8CE802A9F42A900CAF6B3 /* FiltersView.swift */ = {isa = PBXFileReference; lastKnownFileType = sourcecode.swift; path = FiltersView.swift; sourceTree = "<group>"; };
		0FB8CE822A9F42C300CAF6B3 /* CharacterListViewContent.swift */ = {isa = PBXFileReference; lastKnownFileType = sourcecode.swift; path = CharacterListViewContent.swift; sourceTree = "<group>"; };
		0FB8CE842A9F42DF00CAF6B3 /* CharacterRowView.swift */ = {isa = PBXFileReference; lastKnownFileType = sourcecode.swift; path = CharacterRowView.swift; sourceTree = "<group>"; };
		0FB8CE872A9F430200CAF6B3 /* CharacterListViewModel.swift */ = {isa = PBXFileReference; lastKnownFileType = sourcecode.swift; path = CharacterListViewModel.swift; sourceTree = "<group>"; };
		0FB8CE892A9F432400CAF6B3 /* CharacterImageViewModel.swift */ = {isa = PBXFileReference; lastKnownFileType = sourcecode.swift; path = CharacterImageViewModel.swift; sourceTree = "<group>"; };
		0FB8CE8C2A9F435300CAF6B3 /* CharacterService.swift */ = {isa = PBXFileReference; lastKnownFileType = sourcecode.swift; path = CharacterService.swift; sourceTree = "<group>"; };
		0FB8CE8F2A9F437500CAF6B3 /* DateFormatterUtil.swift */ = {isa = PBXFileReference; lastKnownFileType = sourcecode.swift; path = DateFormatterUtil.swift; sourceTree = "<group>"; };
		0FB8CE912A9F438F00CAF6B3 /* ImageCache.swift */ = {isa = PBXFileReference; lastKnownFileType = sourcecode.swift; path = ImageCache.swift; sourceTree = "<group>"; };
/* End PBXFileReference section */

/* Begin PBXFrameworksBuildPhase section */
		0FB8CE532A9F414300CAF6B3 /* Frameworks */ = {
			isa = PBXFrameworksBuildPhase;
			buildActionMask = 2147483647;
			files = (
			);
			runOnlyForDeploymentPostprocessing = 0;
		};
/* End PBXFrameworksBuildPhase section */

/* Begin PBXGroup section */
		0FB8CE4D2A9F414300CAF6B3 = {
			isa = PBXGroup;
			children = (
				0FB8CE582A9F414300CAF6B3 /* ZaraRickYMorty */,
				0FB8CE572A9F414300CAF6B3 /* Products */,
			);
			sourceTree = "<group>";
		};
		0FB8CE572A9F414300CAF6B3 /* Products */ = {
			isa = PBXGroup;
			children = (
				0FB8CE562A9F414300CAF6B3 /* ZaraRickYMorty.app */,
			);
			name = Products;
			sourceTree = "<group>";
		};
		0FB8CE582A9F414300CAF6B3 /* ZaraRickYMorty */ = {
			isa = PBXGroup;
			children = (
				0FB8CE8E2A9F435D00CAF6B3 /* Utilidades */,
				0FB8CE862A9F42F100CAF6B3 /* ViewModel */,
				0FB8CE6F2A9F41D100CAF6B3 /* Vista */,
				0FB8CE6A2A9F41A400CAF6B3 /* Modelo */,
				0FB8CE592A9F414300CAF6B3 /* ZaraRickYMortyApp.swift */,
				0FB8CE682A9F417B00CAF6B3 /* AppDelegate.swift */,
				0FB8CE5D2A9F414500CAF6B3 /* Assets.xcassets */,
				0FB8CE5F2A9F414500CAF6B3 /* ZaraRickYMorty.entitlements */,
				0FB8CE602A9F414500CAF6B3 /* Preview Content */,
			);
			path = ZaraRickYMorty;
			sourceTree = "<group>";
		};
		0FB8CE602A9F414500CAF6B3 /* Preview Content */ = {
			isa = PBXGroup;
			children = (
				0FB8CE612A9F414500CAF6B3 /* Preview Assets.xcassets */,
			);
			path = "Preview Content";
			sourceTree = "<group>";
		};
		0FB8CE6A2A9F41A400CAF6B3 /* Modelo */ = {
			isa = PBXGroup;
			children = (
				0FB8CE6B2A9F41B100CAF6B3 /* Character.swift */,
				0FB8CE6D2A9F41C400CAF6B3 /* CharacterFilter.swift */,
			);
			path = Modelo;
			sourceTree = "<group>";
		};
		0FB8CE6F2A9F41D100CAF6B3 /* Vista */ = {
			isa = PBXGroup;
			children = (
				0FB8CE742A9F421800CAF6B3 /* Componentes */,
				0FB8CE702A9F41E300CAF6B3 /* CharacterListView.swift */,
				0FB8CE722A9F420700CAF6B3 /* CharacterDetailView.swift */,
			);
			path = Vista;
			sourceTree = "<group>";
		};
		0FB8CE742A9F421800CAF6B3 /* Componentes */ = {
			isa = PBXGroup;
			children = (
				0FB8CE7D2A9F427800CAF6B3 /* ListComponentes */,
				0FB8CE752A9F422B00CAF6B3 /* CharacterImageView.swift */,
				0FB8CE772A9F423F00CAF6B3 /* RemoteImageView.swift */,
				0FB8CE792A9F425400CAF6B3 /* InfoRow.swift */,
				0FB8CE7B2A9F426D00CAF6B3 /* ProgressView.swift */,
			);
			path = Componentes;
			sourceTree = "<group>";
		};
		0FB8CE7D2A9F427800CAF6B3 /* ListComponentes */ = {
			isa = PBXGroup;
			children = (
				0FB8CE7E2A9F428A00CAF6B3 /* SearchBarView.swift */,
				0FB8CE802A9F42A900CAF6B3 /* FiltersView.swift */,
				0FB8CE822A9F42C300CAF6B3 /* CharacterListViewContent.swift */,
				0FB8CE842A9F42DF00CAF6B3 /* CharacterRowView.swift */,
			);
			path = ListComponentes;
			sourceTree = "<group>";
		};
		0FB8CE862A9F42F100CAF6B3 /* ViewModel */ = {
			isa = PBXGroup;
			children = (
				0FB8CE8B2A9F433F00CAF6B3 /* Servicios */,
				0FB8CE872A9F430200CAF6B3 /* CharacterListViewModel.swift */,
				0FB8CE892A9F432400CAF6B3 /* CharacterImageViewModel.swift */,
			);
			path = ViewModel;
			sourceTree = "<group>";
		};
		0FB8CE8B2A9F433F00CAF6B3 /* Servicios */ = {
			isa = PBXGroup;
			children = (
				0FB8CE8C2A9F435300CAF6B3 /* CharacterService.swift */,
			);
			path = Servicios;
			sourceTree = "<group>";
		};
		0FB8CE8E2A9F435D00CAF6B3 /* Utilidades */ = {
			isa = PBXGroup;
			children = (
				0FB8CE8F2A9F437500CAF6B3 /* DateFormatterUtil.swift */,
				0FB8CE912A9F438F00CAF6B3 /* ImageCache.swift */,
			);
			path = Utilidades;
			sourceTree = "<group>";
		};
/* End PBXGroup section */

/* Begin PBXNativeTarget section */
		0FB8CE552A9F414300CAF6B3 /* ZaraRickYMorty */ = {
			isa = PBXNativeTarget;
			buildConfigurationList = 0FB8CE652A9F414500CAF6B3 /* Build configuration list for PBXNativeTarget "ZaraRickYMorty" */;
			buildPhases = (
				0FB8CE522A9F414300CAF6B3 /* Sources */,
				0FB8CE532A9F414300CAF6B3 /* Frameworks */,
				0FB8CE542A9F414300CAF6B3 /* Resources */,
			);
			buildRules = (
			);
			dependencies = (
			);
			name = ZaraRickYMorty;
			productName = ZaraRickYMorty;
			productReference = 0FB8CE562A9F414300CAF6B3 /* ZaraRickYMorty.app */;
			productType = "com.apple.product-type.application";
		};
/* End PBXNativeTarget section */

/* Begin PBXProject section */
		0FB8CE4E2A9F414300CAF6B3 /* Project object */ = {
			isa = PBXProject;
			attributes = {
				BuildIndependentTargetsInParallel = 1;
				LastSwiftUpdateCheck = 1420;
				LastUpgradeCheck = 1420;
				TargetAttributes = {
					0FB8CE552A9F414300CAF6B3 = {
						CreatedOnToolsVersion = 14.2;
					};
				};
			};
			buildConfigurationList = 0FB8CE512A9F414300CAF6B3 /* Build configuration list for PBXProject "ZaraRickYMorty" */;
			compatibilityVersion = "Xcode 14.0";
			developmentRegion = en;
			hasScannedForEncodings = 0;
			knownRegions = (
				en,
				Base,
			);
			mainGroup = 0FB8CE4D2A9F414300CAF6B3;
			productRefGroup = 0FB8CE572A9F414300CAF6B3 /* Products */;
			projectDirPath = "";
			projectRoot = "";
			targets = (
				0FB8CE552A9F414300CAF6B3 /* ZaraRickYMorty */,
			);
		};
/* End PBXProject section */

/* Begin PBXResourcesBuildPhase section */
		0FB8CE542A9F414300CAF6B3 /* Resources */ = {
			isa = PBXResourcesBuildPhase;
			buildActionMask = 2147483647;
			files = (
				0FB8CE622A9F414500CAF6B3 /* Preview Assets.xcassets in Resources */,
				0FB8CE5E2A9F414500CAF6B3 /* Assets.xcassets in Resources */,
			);
			runOnlyForDeploymentPostprocessing = 0;
		};
/* End PBXResourcesBuildPhase section */

/* Begin PBXSourcesBuildPhase section */
		0FB8CE522A9F414300CAF6B3 /* Sources */ = {
			isa = PBXSourcesBuildPhase;
			buildActionMask = 2147483647;
			files = (
				0FB8CE6C2A9F41B100CAF6B3 /* Character.swift in Sources */,
				0FB8CE692A9F417B00CAF6B3 /* AppDelegate.swift in Sources */,
				0FB8CE782A9F423F00CAF6B3 /* RemoteImageView.swift in Sources */,
				0FB8CE712A9F41E300CAF6B3 /* CharacterListView.swift in Sources */,
				0FB8CE902A9F437500CAF6B3 /* DateFormatterUtil.swift in Sources */,
				0FB8CE8A2A9F432400CAF6B3 /* CharacterImageViewModel.swift in Sources */,
				0FB8CE812A9F42A900CAF6B3 /* FiltersView.swift in Sources */,
				0FB8CE832A9F42C300CAF6B3 /* CharacterListViewContent.swift in Sources */,
				0FB8CE732A9F420700CAF6B3 /* CharacterDetailView.swift in Sources */,
				0FB8CE922A9F438F00CAF6B3 /* ImageCache.swift in Sources */,
				0FB8CE852A9F42DF00CAF6B3 /* CharacterRowView.swift in Sources */,
				0FB8CE5A2A9F414300CAF6B3 /* ZaraRickYMortyApp.swift in Sources */,
				0FB8CE6E2A9F41C400CAF6B3 /* CharacterFilter.swift in Sources */,
				0FB8CE7F2A9F428A00CAF6B3 /* SearchBarView.swift in Sources */,
				0FB8CE7C2A9F426D00CAF6B3 /* ProgressView.swift in Sources */,
				0FB8CE762A9F422B00CAF6B3 /* CharacterImageView.swift in Sources */,
				0FB8CE882A9F430200CAF6B3 /* CharacterListViewModel.swift in Sources */,
				0FB8CE7A2A9F425400CAF6B3 /* InfoRow.swift in Sources */,
				0FB8CE8D2A9F435300CAF6B3 /* CharacterService.swift in Sources */,
			);
			runOnlyForDeploymentPostprocessing = 0;
		};
/* End PBXSourcesBuildPhase section */

/* Begin XCBuildConfiguration section */
		0FB8CE632A9F414500CAF6B3 /* Debug */ = {
			isa = XCBuildConfiguration;
			buildSettings = {
				ALWAYS_SEARCH_USER_PATHS = NO;
				CLANG_ANALYZER_NONNULL = YES;
				CLANG_ANALYZER_NUMBER_OBJECT_CONVERSION = YES_AGGRESSIVE;
				CLANG_CXX_LANGUAGE_STANDARD = "gnu++20";
				CLANG_ENABLE_MODULES = YES;
				CLANG_ENABLE_OBJC_ARC = YES;
				CLANG_ENABLE_OBJC_WEAK = YES;
				CLANG_WARN_BLOCK_CAPTURE_AUTORELEASING = YES;
				CLANG_WARN_BOOL_CONVERSION = YES;
				CLANG_WARN_COMMA = YES;
				CLANG_WARN_CONSTANT_CONVERSION = YES;
				CLANG_WARN_DEPRECATED_OBJC_IMPLEMENTATIONS = YES;
				CLANG_WARN_DIRECT_OBJC_ISA_USAGE = YES_ERROR;
				CLANG_WARN_DOCUMENTATION_COMMENTS = YES;
				CLANG_WARN_EMPTY_BODY = YES;
				CLANG_WARN_ENUM_CONVERSION = YES;
				CLANG_WARN_INFINITE_RECURSION = YES;
				CLANG_WARN_INT_CONVERSION = YES;
				CLANG_WARN_NON_LITERAL_NULL_CONVERSION = YES;
				CLANG_WARN_OBJC_IMPLICIT_RETAIN_SELF = YES;
				CLANG_WARN_OBJC_LITERAL_CONVERSION = YES;
				CLANG_WARN_OBJC_ROOT_CLASS = YES_ERROR;
				CLANG_WARN_QUOTED_INCLUDE_IN_FRAMEWORK_HEADER = YES;
				CLANG_WARN_RANGE_LOOP_ANALYSIS = YES;
				CLANG_WARN_STRICT_PROTOTYPES = YES;
				CLANG_WARN_SUSPICIOUS_MOVE = YES;
				CLANG_WARN_UNGUARDED_AVAILABILITY = YES_AGGRESSIVE;
				CLANG_WARN_UNREACHABLE_CODE = YES;
				CLANG_WARN__DUPLICATE_METHOD_MATCH = YES;
				COPY_PHASE_STRIP = NO;
				DEBUG_INFORMATION_FORMAT = dwarf;
				ENABLE_STRICT_OBJC_MSGSEND = YES;
				ENABLE_TESTABILITY = YES;
				GCC_C_LANGUAGE_STANDARD = gnu11;
				GCC_DYNAMIC_NO_PIC = NO;
				GCC_NO_COMMON_BLOCKS = YES;
				GCC_OPTIMIZATION_LEVEL = 0;
				GCC_PREPROCESSOR_DEFINITIONS = (
					"DEBUG=1",
					"$(inherited)",
				);
				GCC_WARN_64_TO_32_BIT_CONVERSION = YES;
				GCC_WARN_ABOUT_RETURN_TYPE = YES_ERROR;
				GCC_WARN_UNDECLARED_SELECTOR = YES;
				GCC_WARN_UNINITIALIZED_AUTOS = YES_AGGRESSIVE;
				GCC_WARN_UNUSED_FUNCTION = YES;
				GCC_WARN_UNUSED_VARIABLE = YES;
				MTL_ENABLE_DEBUG_INFO = INCLUDE_SOURCE;
				MTL_FAST_MATH = YES;
				ONLY_ACTIVE_ARCH = YES;
				SWIFT_ACTIVE_COMPILATION_CONDITIONS = DEBUG;
				SWIFT_OPTIMIZATION_LEVEL = "-Onone";
			};
			name = Debug;
		};
		0FB8CE642A9F414500CAF6B3 /* Release */ = {
			isa = XCBuildConfiguration;
			buildSettings = {
				ALWAYS_SEARCH_USER_PATHS = NO;
				CLANG_ANALYZER_NONNULL = YES;
				CLANG_ANALYZER_NUMBER_OBJECT_CONVERSION = YES_AGGRESSIVE;
				CLANG_CXX_LANGUAGE_STANDARD = "gnu++20";
				CLANG_ENABLE_MODULES = YES;
				CLANG_ENABLE_OBJC_ARC = YES;
				CLANG_ENABLE_OBJC_WEAK = YES;
				CLANG_WARN_BLOCK_CAPTURE_AUTORELEASING = YES;
				CLANG_WARN_BOOL_CONVERSION = YES;
				CLANG_WARN_COMMA = YES;
				CLANG_WARN_CONSTANT_CONVERSION = YES;
				CLANG_WARN_DEPRECATED_OBJC_IMPLEMENTATIONS = YES;
				CLANG_WARN_DIRECT_OBJC_ISA_USAGE = YES_ERROR;
				CLANG_WARN_DOCUMENTATION_COMMENTS = YES;
				CLANG_WARN_EMPTY_BODY = YES;
				CLANG_WARN_ENUM_CONVERSION = YES;
				CLANG_WARN_INFINITE_RECURSION = YES;
				CLANG_WARN_INT_CONVERSION = YES;
				CLANG_WARN_NON_LITERAL_NULL_CONVERSION = YES;
				CLANG_WARN_OBJC_IMPLICIT_RETAIN_SELF = YES;
				CLANG_WARN_OBJC_LITERAL_CONVERSION = YES;
				CLANG_WARN_OBJC_ROOT_CLASS = YES_ERROR;
				CLANG_WARN_QUOTED_INCLUDE_IN_FRAMEWORK_HEADER = YES;
				CLANG_WARN_RANGE_LOOP_ANALYSIS = YES;
				CLANG_WARN_STRICT_PROTOTYPES = YES;
				CLANG_WARN_SUSPICIOUS_MOVE = YES;
				CLANG_WARN_UNGUARDED_AVAILABILITY = YES_AGGRESSIVE;
				CLANG_WARN_UNREACHABLE_CODE = YES;
				CLANG_WARN__DUPLICATE_METHOD_MATCH = YES;
				COPY_PHASE_STRIP = NO;
				DEBUG_INFORMATION_FORMAT = "dwarf-with-dsym";
				ENABLE_NS_ASSERTIONS = NO;
				ENABLE_STRICT_OBJC_MSGSEND = YES;
				GCC_C_LANGUAGE_STANDARD = gnu11;
				GCC_NO_COMMON_BLOCKS = YES;
				GCC_WARN_64_TO_32_BIT_CONVERSION = YES;
				GCC_WARN_ABOUT_RETURN_TYPE = YES_ERROR;
				GCC_WARN_UNDECLARED_SELECTOR = YES;
				GCC_WARN_UNINITIALIZED_AUTOS = YES_AGGRESSIVE;
				GCC_WARN_UNUSED_FUNCTION = YES;
				GCC_WARN_UNUSED_VARIABLE = YES;
				MTL_ENABLE_DEBUG_INFO = NO;
				MTL_FAST_MATH = YES;
				SWIFT_COMPILATION_MODE = wholemodule;
				SWIFT_OPTIMIZATION_LEVEL = "-O";
			};
			name = Release;
		};
		0FB8CE662A9F414500CAF6B3 /* Debug */ = {
			isa = XCBuildConfiguration;
			buildSettings = {
				ASSETCATALOG_COMPILER_APPICON_NAME = AppIcon;
				ASSETCATALOG_COMPILER_GLOBAL_ACCENT_COLOR_NAME = AccentColor;
				CODE_SIGN_ENTITLEMENTS = ZaraRickYMorty/ZaraRickYMorty.entitlements;
				CODE_SIGN_STYLE = Manual;
				CURRENT_PROJECT_VERSION = 1;
				DEVELOPMENT_ASSET_PATHS = "\"ZaraRickYMorty/Preview Content\"";
				DEVELOPMENT_TEAM = "";
				ENABLE_HARDENED_RUNTIME = YES;
				ENABLE_PREVIEWS = YES;
				GENERATE_INFOPLIST_FILE = YES;
				"INFOPLIST_KEY_UIApplicationSceneManifest_Generation[sdk=iphoneos*]" = YES;
				"INFOPLIST_KEY_UIApplicationSceneManifest_Generation[sdk=iphonesimulator*]" = YES;
				"INFOPLIST_KEY_UIApplicationSupportsIndirectInputEvents[sdk=iphoneos*]" = YES;
				"INFOPLIST_KEY_UIApplicationSupportsIndirectInputEvents[sdk=iphonesimulator*]" = YES;
				"INFOPLIST_KEY_UILaunchScreen_Generation[sdk=iphoneos*]" = YES;
				"INFOPLIST_KEY_UILaunchScreen_Generation[sdk=iphonesimulator*]" = YES;
				"INFOPLIST_KEY_UIStatusBarStyle[sdk=iphoneos*]" = UIStatusBarStyleDefault;
				"INFOPLIST_KEY_UIStatusBarStyle[sdk=iphonesimulator*]" = UIStatusBarStyleDefault;
				INFOPLIST_KEY_UISupportedInterfaceOrientations_iPad = "UIInterfaceOrientationPortrait UIInterfaceOrientationPortraitUpsideDown UIInterfaceOrientationLandscapeLeft UIInterfaceOrientationLandscapeRight";
				INFOPLIST_KEY_UISupportedInterfaceOrientations_iPhone = "UIInterfaceOrientationPortrait UIInterfaceOrientationLandscapeLeft UIInterfaceOrientationLandscapeRight";
				IPHONEOS_DEPLOYMENT_TARGET = 16.2;
				LD_RUNPATH_SEARCH_PATHS = "@executable_path/Frameworks";
				"LD_RUNPATH_SEARCH_PATHS[sdk=macosx*]" = "@executable_path/../Frameworks";
				MACOSX_DEPLOYMENT_TARGET = 12.6;
				MARKETING_VERSION = 1.0;
				PRODUCT_BUNDLE_IDENTIFIER = com.alexciprian.ZaraRickYMorty.ZaraRickYMorty;
				PRODUCT_NAME = "$(TARGET_NAME)";
				PROVISIONING_PROFILE_SPECIFIER = "";
				SDKROOT = auto;
				SUPPORTED_PLATFORMS = "iphoneos iphonesimulator macosx";
				SWIFT_EMIT_LOC_STRINGS = YES;
				SWIFT_VERSION = 5.0;
				TARGETED_DEVICE_FAMILY = "1,2";
			};
			name = Debug;
		};
		0FB8CE672A9F414500CAF6B3 /* Release */ = {
			isa = XCBuildConfiguration;
			buildSettings = {
				ASSETCATALOG_COMPILER_APPICON_NAME = AppIcon;
				ASSETCATALOG_COMPILER_GLOBAL_ACCENT_COLOR_NAME = AccentColor;
				CODE_SIGN_ENTITLEMENTS = ZaraRickYMorty/ZaraRickYMorty.entitlements;
				CODE_SIGN_STYLE = Manual;
				CURRENT_PROJECT_VERSION = 1;
				DEVELOPMENT_ASSET_PATHS = "\"ZaraRickYMorty/Preview Content\"";
				DEVELOPMENT_TEAM = "";
				ENABLE_HARDENED_RUNTIME = YES;
				ENABLE_PREVIEWS = YES;
				GENERATE_INFOPLIST_FILE = YES;
				"INFOPLIST_KEY_UIApplicationSceneManifest_Generation[sdk=iphoneos*]" = YES;
				"INFOPLIST_KEY_UIApplicationSceneManifest_Generation[sdk=iphonesimulator*]" = YES;
				"INFOPLIST_KEY_UIApplicationSupportsIndirectInputEvents[sdk=iphoneos*]" = YES;
				"INFOPLIST_KEY_UIApplicationSupportsIndirectInputEvents[sdk=iphonesimulator*]" = YES;
				"INFOPLIST_KEY_UILaunchScreen_Generation[sdk=iphoneos*]" = YES;
				"INFOPLIST_KEY_UILaunchScreen_Generation[sdk=iphonesimulator*]" = YES;
				"INFOPLIST_KEY_UIStatusBarStyle[sdk=iphoneos*]" = UIStatusBarStyleDefault;
				"INFOPLIST_KEY_UIStatusBarStyle[sdk=iphonesimulator*]" = UIStatusBarStyleDefault;
				INFOPLIST_KEY_UISupportedInterfaceOrientations_iPad = "UIInterfaceOrientationPortrait UIInterfaceOrientationPortraitUpsideDown UIInterfaceOrientationLandscapeLeft UIInterfaceOrientationLandscapeRight";
				INFOPLIST_KEY_UISupportedInterfaceOrientations_iPhone = "UIInterfaceOrientationPortrait UIInterfaceOrientationLandscapeLeft UIInterfaceOrientationLandscapeRight";
				IPHONEOS_DEPLOYMENT_TARGET = 16.2;
				LD_RUNPATH_SEARCH_PATHS = "@executable_path/Frameworks";
				"LD_RUNPATH_SEARCH_PATHS[sdk=macosx*]" = "@executable_path/../Frameworks";
				MACOSX_DEPLOYMENT_TARGET = 12.6;
				MARKETING_VERSION = 1.0;
				PRODUCT_BUNDLE_IDENTIFIER = com.alexciprian.ZaraRickYMorty.ZaraRickYMorty;
				PRODUCT_NAME = "$(TARGET_NAME)";
				PROVISIONING_PROFILE_SPECIFIER = "";
				SDKROOT = auto;
				SUPPORTED_PLATFORMS = "iphoneos iphonesimulator macosx";
				SWIFT_EMIT_LOC_STRINGS = YES;
				SWIFT_VERSION = 5.0;
				TARGETED_DEVICE_FAMILY = "1,2";
			};
			name = Release;
		};
/* End XCBuildConfiguration section */

/* Begin XCConfigurationList section */
		0FB8CE512A9F414300CAF6B3 /* Build configuration list for PBXProject "ZaraRickYMorty" */ = {
			isa = XCConfigurationList;
			buildConfigurations = (
				0FB8CE632A9F414500CAF6B3 /* Debug */,
				0FB8CE642A9F414500CAF6B3 /* Release */,
			);
			defaultConfigurationIsVisible = 0;
			defaultConfigurationName = Release;
		};
		0FB8CE652A9F414500CAF6B3 /* Build configuration list for PBXNativeTarget "ZaraRickYMorty" */ = {
			isa = XCConfigurationList;
			buildConfigurations = (
				0FB8CE662A9F414500CAF6B3 /* Debug */,
				0FB8CE672A9F414500CAF6B3 /* Release */,
			);
			defaultConfigurationIsVisible = 0;
			defaultConfigurationName = Release;
		};
/* End XCConfigurationList section */
	};
	rootObject = 0FB8CE4E2A9F414300CAF6B3 /* Project object */;
}
